// !$*UTF8*$!
{
	archiveVersion = 1;
	classes = {
	};
	objectVersion = 46;
	objects = {

/* Begin PBXBuildFile section */
		82025CC01A64C2A000A42C28 /* main.m in Sources */ = {isa = PBXBuildFile; fileRef = 82025CBF1A64C2A000A42C28 /* main.m */; };
		82025CC31A64C2A000A42C28 /* AppDelegate.m in Sources */ = {isa = PBXBuildFile; fileRef = 82025CC21A64C2A000A42C28 /* AppDelegate.m */; };
		82025CC91A64C2A000A42C28 /* Main.storyboard in Resources */ = {isa = PBXBuildFile; fileRef = 82025CC71A64C2A000A42C28 /* Main.storyboard */; };
		82025CCB1A64C2A000A42C28 /* Images.xcassets in Resources */ = {isa = PBXBuildFile; fileRef = 82025CCA1A64C2A000A42C28 /* Images.xcassets */; };
		82025CCE1A64C2A000A42C28 /* LaunchScreen.xib in Resources */ = {isa = PBXBuildFile; fileRef = 82025CCC1A64C2A000A42C28 /* LaunchScreen.xib */; };
		82025CE51A64C36400A42C28 /* OvOFontDisplayTableVC.m in Sources */ = {isa = PBXBuildFile; fileRef = 82025CE41A64C36400A42C28 /* OvOFontDisplayTableVC.m */; };
/* End PBXBuildFile section */

/* Begin PBXFileReference section */
		82025CBA1A64C2A000A42C28 /* SystemFontDisplay.app */ = {isa = PBXFileReference; explicitFileType = wrapper.application; includeInIndex = 0; path = SystemFontDisplay.app; sourceTree = BUILT_PRODUCTS_DIR; };
		82025CBE1A64C2A000A42C28 /* Info.plist */ = {isa = PBXFileReference; lastKnownFileType = text.plist.xml; path = Info.plist; sourceTree = "<group>"; };
		82025CBF1A64C2A000A42C28 /* main.m */ = {isa = PBXFileReference; lastKnownFileType = sourcecode.c.objc; path = main.m; sourceTree = "<group>"; };
		82025CC11A64C2A000A42C28 /* AppDelegate.h */ = {isa = PBXFileReference; lastKnownFileType = sourcecode.c.h; path = AppDelegate.h; sourceTree = "<group>"; };
		82025CC21A64C2A000A42C28 /* AppDelegate.m */ = {isa = PBXFileReference; lastKnownFileType = sourcecode.c.objc; path = AppDelegate.m; sourceTree = "<group>"; };
		82025CC81A64C2A000A42C28 /* Base */ = {isa = PBXFileReference; lastKnownFileType = file.storyboard; name = Base; path = Base.lproj/Main.storyboard; sourceTree = "<group>"; };
		82025CCA1A64C2A000A42C28 /* Images.xcassets */ = {isa = PBXFileReference; lastKnownFileType = folder.assetcatalog; path = Images.xcassets; sourceTree = "<group>"; };
		82025CCD1A64C2A000A42C28 /* Base */ = {isa = PBXFileReference; lastKnownFileType = file.xib; name = Base; path = Base.lproj/LaunchScreen.xib; sourceTree = "<group>"; };
		82025CE31A64C36400A42C28 /* OvOFontDisplayTableVC.h */ = {isa = PBXFileReference; fileEncoding = 4; lastKnownFileType = sourcecode.c.h; name = OvOFontDisplayTableVC.h; path = ../OvOFontDisplayTableVC.h; sourceTree = "<group>"; };
		82025CE41A64C36400A42C28 /* OvOFontDisplayTableVC.m */ = {isa = PBXFileReference; fileEncoding = 4; lastKnownFileType = sourcecode.c.objc; name = OvOFontDisplayTableVC.m; path = ../OvOFontDisplayTableVC.m; sourceTree = "<group>"; };
/* End PBXFileReference section */

/* Begin PBXFrameworksBuildPhase section */
		82025CB71A64C2A000A42C28 /* Frameworks */ = {
			isa = PBXFrameworksBuildPhase;
			buildActionMask = 2147483647;
			files = (
			);
			runOnlyForDeploymentPostprocessing = 0;
		};
/* End PBXFrameworksBuildPhase section */

/* Begin PBXGroup section */
		82025CB11A64C2A000A42C28 = {
			isa = PBXGroup;
			children = (
				82025CBC1A64C2A000A42C28 /* SystemFontDisplay */,
				82025CBB1A64C2A000A42C28 /* Products */,
			);
			sourceTree = "<group>";
		};
		82025CBB1A64C2A000A42C28 /* Products */ = {
			isa = PBXGroup;
			children = (
				82025CBA1A64C2A000A42C28 /* SystemFontDisplay.app */,
			);
			name = Products;
			sourceTree = "<group>";
		};
		82025CBC1A64C2A000A42C28 /* SystemFontDisplay */ = {
			isa = PBXGroup;
			children = (
				82025CE31A64C36400A42C28 /* OvOFontDisplayTableVC.h */,
				82025CE41A64C36400A42C28 /* OvOFontDisplayTableVC.m */,
				82025CC11A64C2A000A42C28 /* AppDelegate.h */,
				82025CC21A64C2A000A42C28 /* AppDelegate.m */,
				82025CC71A64C2A000A42C28 /* Main.storyboard */,
				82025CCA1A64C2A000A42C28 /* Images.xcassets */,
				82025CCC1A64C2A000A42C28 /* LaunchScreen.xib */,
				82025CBD1A64C2A000A42C28 /* Supporting Files */,
			);
			path = SystemFontDisplay;
			sourceTree = "<group>";
		};
		82025CBD1A64C2A000A42C28 /* Supporting Files */ = {
			isa = PBXGroup;
			children = (
				82025CBE1A64C2A000A42C28 /* Info.plist */,
				82025CBF1A64C2A000A42C28 /* main.m */,
			);
			name = "Supporting Files";
			sourceTree = "<group>";
		};
/* End PBXGroup section */

/* Begin PBXNativeTarget section */
		82025CB91A64C2A000A42C28 /* SystemFontDisplay */ = {
			isa = PBXNativeTarget;
			buildConfigurationList = 82025CDD1A64C2A000A42C28 /* Build configuration list for PBXNativeTarget "SystemFontDisplay" */;
			buildPhases = (
				82025CB61A64C2A000A42C28 /* Sources */,
				82025CB71A64C2A000A42C28 /* Frameworks */,
				82025CB81A64C2A000A42C28 /* Resources */,
			);
			buildRules = (
			);
			dependencies = (
			);
			name = SystemFontDisplay;
			productName = SystemFontDisplay;
			productReference = 82025CBA1A64C2A000A42C28 /* SystemFontDisplay.app */;
			productType = "com.apple.product-type.application";
		};
/* End PBXNativeTarget section */

/* Begin PBXProject section */
		82025CB21A64C2A000A42C28 /* Project object */ = {
			isa = PBXProject;
			attributes = {
				LastUpgradeCheck = 0720;
				ORGANIZATIONNAME = "Wang Hans";
				TargetAttributes = {
					82025CB91A64C2A000A42C28 = {
						CreatedOnToolsVersion = 6.1.1;
					};
				};
			};
			buildConfigurationList = 82025CB51A64C2A000A42C28 /* Build configuration list for PBXProject "SystemFontDisplay" */;
			compatibilityVersion = "Xcode 3.2";
			developmentRegion = English;
			hasScannedForEncodings = 0;
			knownRegions = (
				en,
				Base,
			);
			mainGroup = 82025CB11A64C2A000A42C28;
			productRefGroup = 82025CBB1A64C2A000A42C28 /* Products */;
			projectDirPath = "";
			projectRoot = "";
			targets = (
				82025CB91A64C2A000A42C28 /* SystemFontDisplay */,
			);
		};
/* End PBXProject section */

/* Begin PBXResourcesBuildPhase section */
		82025CB81A64C2A000A42C28 /* Resources */ = {
			isa = PBXResourcesBuildPhase;
			buildActionMask = 2147483647;
			files = (
				82025CC91A64C2A000A42C28 /* Main.storyboard in Resources */,
				82025CCE1A64C2A000A42C28 /* LaunchScreen.xib in Resources */,
				82025CCB1A64C2A000A42C28 /* Images.xcassets in Resources */,
			);
			runOnlyForDeploymentPostprocessing = 0;
		};
/* End PBXResourcesBuildPhase section */

/* Begin PBXSourcesBuildPhase section */
		82025CB61A64C2A000A42C28 /* Sources */ = {
			isa = PBXSourcesBuildPhase;
			buildActionMask = 2147483647;
			files = (
				82025CE51A64C36400A42C28 /* OvOFontDisplayTableVC.m in Sources */,
				82025CC31A64C2A000A42C28 /* AppDelegate.m in Sources */,
				82025CC01A64C2A000A42C28 /* main.m in Sources */,
			);
			runOnlyForDeploymentPostprocessing = 0;
		};
/* End PBXSourcesBuildPhase section */

/* Begin PBXVariantGroup section */
		82025CC71A64C2A000A42C28 /* Main.storyboard */ = {
			isa = PBXVariantGroup;
			children = (
				82025CC81A64C2A000A42C28 /* Base */,
			);
			name = Main.storyboard;
			sourceTree = "<group>";
		};
		82025CCC1A64C2A000A42C28 /* LaunchScreen.xib */ = {
			isa = PBXVariantGroup;
			children = (
				82025CCD1A64C2A000A42C28 /* Base */,
			);
			name = LaunchScreen.xib;
			sourceTree = "<group>";
		};
/* End PBXVariantGroup section */

/* Begin XCBuildConfiguration section */
		82025CDB1A64C2A000A42C28 /* Debug */ = {
			isa = XCBuildConfiguration;
			buildSettings = {
				ALWAYS_SEARCH_USER_PATHS = NO;
				CLANG_CXX_LANGUAGE_STANDARD = "gnu++0x";
				CLANG_CXX_LIBRARY = "libc++";
				CLANG_ENABLE_MODULES = YES;
				CLANG_ENABLE_OBJC_ARC = YES;
				CLANG_WARN_BOOL_CONVERSION = YES;
				CLANG_WARN_CONSTANT_CONVERSION = YES;
				CLANG_WARN_DIRECT_OBJC_ISA_USAGE = YES_ERROR;
				CLANG_WARN_EMPTY_BODY = YES;
				CLANG_WARN_ENUM_CONVERSION = YES;
				CLANG_WARN_INT_CONVERSION = YES;
				CLANG_WARN_OBJC_ROOT_CLASS = YES_ERROR;
				CLANG_WARN_UNREACHABLE_CODE = YES;
				CLANG_WARN__DUPLICATE_METHOD_MATCH = YES;
				"CODE_SIGN_IDENTITY[sdk=iphoneos*]" = "iPhone Developer";
				COPY_PHASE_STRIP = NO;
				ENABLE_STRICT_OBJC_MSGSEND = YES;
				ENABLE_TESTABILITY = YES;
				GCC_C_LANGUAGE_STANDARD = gnu99;
				GCC_DYNAMIC_NO_PIC = NO;
				GCC_OPTIMIZATION_LEVEL = 0;
				GCC_PREPROCESSOR_DEFINITIONS = (
					"DEBUG=1",
					"$(inherited)",
				);
				GCC_SYMBOLS_PRIVATE_EXTERN = NO;
				GCC_WARN_64_TO_32_BIT_CONVERSION = YES;
				GCC_WARN_ABOUT_RETURN_TYPE = YES_ERROR;
				GCC_WARN_UNDECLARED_SELECTOR = YES;
				GCC_WARN_UNINITIALIZED_AUTOS = YES_AGGRESSIVE;
				GCC_WARN_UNUSED_FUNCTION = YES;
				GCC_WARN_UNUSED_VARIABLE = YES;
				IPHONEOS_DEPLOYMENT_TARGET = 8.1;
				MTL_ENABLE_DEBUG_INFO = YES;
				ONLY_ACTIVE_ARCH = YES;
				SDKROOT = iphoneos;
				TARGETED_DEVICE_FAMILY = "1,2";
			};
			name = Debug;
		};
		82025CDC1A64C2A000A42C28 /* Release */ = {
			isa = XCBuildConfiguration;
			buildSettings = {
				ALWAYS_SEARCH_USER_PATHS = NO;
				CLANG_CXX_LANGUAGE_STANDARD = "gnu++0x";
				CLANG_CXX_LIBRARY = "libc++";
				CLANG_ENABLE_MODULES = YES;
				CLANG_ENABLE_OBJC_ARC = YES;
				CLANG_WARN_BOOL_CONVERSION = YES;
				CLANG_WARN_CONSTANT_CONVERSION = YES;
				CLANG_WARN_DIRECT_OBJC_ISA_USAGE = YES_ERROR;
				CLANG_WARN_EMPTY_BODY = YES;
				CLANG_WARN_ENUM_CONVERSION = YES;
				CLANG_WARN_INT_CONVERSION = YES;
				CLANG_WARN_OBJC_ROOT_CLASS = YES_ERROR;
				CLANG_WARN_UNREACHABLE_CODE = YES;
				CLANG_WARN__DUPLICATE_METHOD_MATCH = YES;
				"CODE_SIGN_IDENTITY[sdk=iphoneos*]" = "iPhone Developer";
				COPY_PHASE_STRIP = YES;
				ENABLE_NS_ASSERTIONS = NO;
				ENABLE_STRICT_OBJC_MSGSEND = YES;
				GCC_C_LANGUAGE_STANDARD = gnu99;
				GCC_WARN_64_TO_32_BIT_CONVERSION = YES;
				GCC_WARN_ABOUT_RETURN_TYPE = YES_ERROR;
				GCC_WARN_UNDECLARED_SELECTOR = YES;
				GCC_WARN_UNINITIALIZED_AUTOS = YES_AGGRESSIVE;
				GCC_WARN_UNUSED_FUNCTION = YES;
				GCC_WARN_UNUSED_VARIABLE = YES;
				IPHONEOS_DEPLOYMENT_TARGET = 8.1;
				MTL_ENABLE_DEBUG_INFO = NO;
				SDKROOT = iphoneos;
				TARGETED_DEVICE_FAMILY = "1,2";
				VALIDATE_PRODUCT = YES;
			};
			name = Release;
		};
		82025CDE1A64C2A000A42C28 /* Debug */ = {
			isa = XCBuildConfiguration;
			buildSettings = {
				ASSETCATALOG_COMPILER_APPICON_NAME = AppIcon;
				ASSETCATALOG_COMPILER_LAUNCHIMAGE_NAME = LaunchImage;
				INFOPLIST_FILE = SystemFontDisplay/Info.plist;
				IPHONEOS_DEPLOYMENT_TARGET = 7.1;
				LD_RUNPATH_SEARCH_PATHS = "$(inherited) @executable_path/Frameworks";
				PRODUCT_BUNDLE_IDENTIFIER = "OvO.$(PRODUCT_NAME:rfc1034identifier)";
				PRODUCT_NAME = "$(TARGET_NAME)";
			};
			name = Debug;
		};
		82025CDF1A64C2A000A42C28 /* Release */ = {
			isa = XCBuildConfiguration;
			buildSettings = {
				ASSETCATALOG_COMPILER_APPICON_NAME = AppIcon;
				ASSETCATALOG_COMPILER_LAUNCHIMAGE_NAME = LaunchImage;
				INFOPLIST_FILE = SystemFontDisplay/Info.plist;
				IPHONEOS_DEPLOYMENT_TARGET = 7.1;
				LD_RUNPATH_SEARCH_PATHS = "$(inherited) @executable_path/Frameworks";
				PRODUCT_BUNDLE_IDENTIFIER = "OvO.$(PRODUCT_NAME:rfc1034identifier)";
				PRODUCT_NAME = "$(TARGET_NAME)";
			};
			name = Release;
		};
/* End XCBuildConfiguration section */

/* Begin XCConfigurationList section */
		82025CB51A64C2A000A42C28 /* Build configuration list for PBXProject "SystemFontDisplay" */ = {
			isa = XCConfigurationList;
			buildConfigurations = (
				82025CDB1A64C2A000A42C28 /* Debug */,
				82025CDC1A64C2A000A42C28 /* Release */,
			);
			defaultConfigurationIsVisible = 0;
			defaultConfigurationName = Release;
		};
		82025CDD1A64C2A000A42C28 /* Build configuration list for PBXNativeTarget "SystemFontDisplay" */ = {
			isa = XCConfigurationList;
			buildConfigurations = (
				82025CDE1A64C2A000A42C28 /* Debug */,
				82025CDF1A64C2A000A42C28 /* Release */,
			);
			defaultConfigurationIsVisible = 0;
			defaultConfigurationName = Release;
		};
/* End XCConfigurationList section */
	};
	rootObject = 82025CB21A64C2A000A42C28 /* Project object */;
}
